# THIS IS AN AUTOGENERATED FILE. DO NOT EDIT THIS FILE DIRECTLY.
# yarn lockfile v1


"@citizenfx/client@^1.0.1971-1":
  version "1.0.1971-1"
  resolved "https://registry.yarnpkg.com/@citizenfx/client/-/client-1.0.1971-1.tgz#bdedfadb3a0203149ab89599851ead969363249c"
  integrity sha512-cKrGoRIdCAZpdwL4fyHNE2vjDRobxoEACkcguIkz8IIHXN10dsfUbSZp8KIFDhc6ee+XGnoWIDD2lk4rvD7/eg==

"@citizenfx/client@^1.0.3281-1":
  version "1.0.3281-1"
  resolved "https://registry.yarnpkg.com/@citizenfx/client/-/client-1.0.3281-1.tgz#e26d85cb3686f8e0c85fdb86dca159e027358418"
  integrity sha512-hZ82+Z1CfFFWYqTohDc9K2Cn00NAGQ4Hv34JH9kQpMsA2talHVUXjZOZ78/Dtk0DcGVA2beSYfA8fMm6ZrKmHg==

"@citizenfx/server@^1.0.1971-1":
  version "1.0.1971-1"
  resolved "https://registry.yarnpkg.com/@citizenfx/server/-/server-1.0.1971-1.tgz#b17fc78ae4991e0263554fe5be247a14f53818c6"
  integrity sha512-YvEQAHSc5633UKF7LdUeFtWn4w3qNK5iWJyAyjNwUhygBczAIYZELSZVANcoTwsEIdI+eBbI7EPrQ8RsB1lQHA==

fivem-esx-js@^0.1.17:
  version "0.1.17"
  resolved "https://registry.yarnpkg.com/fivem-esx-js/-/fivem-esx-js-0.1.17.tgz#b9c916ee3d2ed40c83acf84496a551959e0a1c2e"
  integrity sha512-gwfI/hb/XE5+bO1VRJBr/RGeVf1vCk6/gG+dYDjpJ2o77RNS60FMxlsxz87Q+n61Ko51rhpJi9sWRU0dDcYQPA==
  dependencies:
    "@citizenfx/client" "^1.0.1971-1"
    "@citizenfx/server" "^1.0.1971-1"
    fivem-js "^1.3.1"

fivem-js@^1.3.1:
  version "1.5.2"
  resolved "https://registry.yarnpkg.com/fivem-js/-/fivem-js-1.5.2.tgz#fe19bb7a194afa57c94575447476b8e62a949b8e"
  integrity sha512-PONuAo9djL3UnEcVHxxLLHClQnpnLbiJXu2fNNGvi5Li/7IKfwn5PMHERrjr1Sq+oWeoao100LlsnlnA1mGCew==
  dependencies:
    "@citizenfx/client" "^1.0.3281-1"
